// !$*UTF8*$!
{
	archiveVersion = 1;
	classes = {
	};
	objectVersion = 51;
	objects = {

/* Begin PBXBuildFile section */
		666144CB233DF0F9003802A9 /* AppDelegate.swift in Sources */ = {isa = PBXBuildFile; fileRef = 666144CA233DF0F9003802A9 /* AppDelegate.swift */; };
		666144CD233DF0F9003802A9 /* SceneDelegate.swift in Sources */ = {isa = PBXBuildFile; fileRef = 666144CC233DF0F9003802A9 /* SceneDelegate.swift */; };
		666144CF233DF0F9003802A9 /* ViewController.swift in Sources */ = {isa = PBXBuildFile; fileRef = 666144CE233DF0F9003802A9 /* ViewController.swift */; };
		666144D2233DF0F9003802A9 /* Main.storyboard in Resources */ = {isa = PBXBuildFile; fileRef = 666144D0233DF0F9003802A9 /* Main.storyboard */; };
		666144D4233DF0FB003802A9 /* Assets.xcassets in Resources */ = {isa = PBXBuildFile; fileRef = 666144D3233DF0FB003802A9 /* Assets.xcassets */; };
		666144D7233DF0FB003802A9 /* LaunchScreen.storyboard in Resources */ = {isa = PBXBuildFile; fileRef = 666144D5233DF0FB003802A9 /* LaunchScreen.storyboard */; };
		666144DF233DF13C003802A9 /* GoogleService-Info.plist in Resources */ = {isa = PBXBuildFile; fileRef = 666144DE233DF13C003802A9 /* GoogleService-Info.plist */; };
		666144E12341A072003802A9 /* LoginViewController.swift in Sources */ = {isa = PBXBuildFile; fileRef = 666144E02341A072003802A9 /* LoginViewController.swift */; };
		D6DC287EA960DEF0563BD576 /* Pods_testApp.framework in Frameworks */ = {isa = PBXBuildFile; fileRef = AA6E006330FE682F33C22314 /* Pods_testApp.framework */; };
/* End PBXBuildFile section */

/* Begin PBXFileReference section */
		654C7A4E4906206DEA05F7A5 /* Pods-testApp.debug.xcconfig */ = {isa = PBXFileReference; includeInIndex = 1; lastKnownFileType = text.xcconfig; name = "Pods-testApp.debug.xcconfig"; path = "Target Support Files/Pods-testApp/Pods-testApp.debug.xcconfig"; sourceTree = "<group>"; };
		666144C7233DF0F9003802A9 /* testApp.app */ = {isa = PBXFileReference; explicitFileType = wrapper.application; includeInIndex = 0; path = testApp.app; sourceTree = BUILT_PRODUCTS_DIR; };
		666144CA233DF0F9003802A9 /* AppDelegate.swift */ = {isa = PBXFileReference; lastKnownFileType = sourcecode.swift; path = AppDelegate.swift; sourceTree = "<group>"; };
		666144CC233DF0F9003802A9 /* SceneDelegate.swift */ = {isa = PBXFileReference; lastKnownFileType = sourcecode.swift; path = SceneDelegate.swift; sourceTree = "<group>"; };
		666144CE233DF0F9003802A9 /* ViewController.swift */ = {isa = PBXFileReference; lastKnownFileType = sourcecode.swift; path = ViewController.swift; sourceTree = "<group>"; };
		666144D1233DF0F9003802A9 /* Base */ = {isa = PBXFileReference; lastKnownFileType = file.storyboard; name = Base; path = Base.lproj/Main.storyboard; sourceTree = "<group>"; };
		666144D3233DF0FB003802A9 /* Assets.xcassets */ = {isa = PBXFileReference; lastKnownFileType = folder.assetcatalog; path = Assets.xcassets; sourceTree = "<group>"; };
		666144D6233DF0FB003802A9 /* Base */ = {isa = PBXFileReference; lastKnownFileType = file.storyboard; name = Base; path = Base.lproj/LaunchScreen.storyboard; sourceTree = "<group>"; };
		666144D8233DF0FB003802A9 /* Info.plist */ = {isa = PBXFileReference; lastKnownFileType = text.plist.xml; path = Info.plist; sourceTree = "<group>"; };
		666144DE233DF13C003802A9 /* GoogleService-Info.plist */ = {isa = PBXFileReference; fileEncoding = 4; lastKnownFileType = text.plist.xml; path = "GoogleService-Info.plist"; sourceTree = "<group>"; };
		666144E02341A072003802A9 /* LoginViewController.swift */ = {isa = PBXFileReference; lastKnownFileType = sourcecode.swift; path = LoginViewController.swift; sourceTree = "<group>"; };
		AA6E006330FE682F33C22314 /* Pods_testApp.framework */ = {isa = PBXFileReference; explicitFileType = wrapper.framework; includeInIndex = 0; path = Pods_testApp.framework; sourceTree = BUILT_PRODUCTS_DIR; };
		B3132C073D649608FC68196F /* Pods-testApp.release.xcconfig */ = {isa = PBXFileReference; includeInIndex = 1; lastKnownFileType = text.xcconfig; name = "Pods-testApp.release.xcconfig"; path = "Target Support Files/Pods-testApp/Pods-testApp.release.xcconfig"; sourceTree = "<group>"; };
/* End PBXFileReference section */

/* Begin PBXFrameworksBuildPhase section */
		666144C4233DF0F9003802A9 /* Frameworks */ = {
			isa = PBXFrameworksBuildPhase;
			buildActionMask = 2147483647;
			files = (
				D6DC287EA960DEF0563BD576 /* Pods_testApp.framework in Frameworks */,
			);
			runOnlyForDeploymentPostprocessing = 0;
		};
/* End PBXFrameworksBuildPhase section */

/* Begin PBXGroup section */
		666144BE233DF0F9003802A9 = {
			isa = PBXGroup;
			children = (
				666144C9233DF0F9003802A9 /* testApp */,
				666144C8233DF0F9003802A9 /* Products */,
				6E6E1E2F6377CEFAA9BF34F1 /* Pods */,
				DA86BFEAD49E7BDFBDD64BDA /* Frameworks */,
			);
			sourceTree = "<group>";
		};
		666144C8233DF0F9003802A9 /* Products */ = {
			isa = PBXGroup;
			children = (
				666144C7233DF0F9003802A9 /* testApp.app */,
			);
			name = Products;
			sourceTree = "<group>";
		};
		666144C9233DF0F9003802A9 /* testApp */ = {
			isa = PBXGroup;
			children = (
				666144DE233DF13C003802A9 /* GoogleService-Info.plist */,
				666144CA233DF0F9003802A9 /* AppDelegate.swift */,
				666144CC233DF0F9003802A9 /* SceneDelegate.swift */,
				666144E02341A072003802A9 /* LoginViewController.swift */,
				666144CE233DF0F9003802A9 /* ViewController.swift */,
				666144D0233DF0F9003802A9 /* Main.storyboard */,
				666144D3233DF0FB003802A9 /* Assets.xcassets */,
				666144D5233DF0FB003802A9 /* LaunchScreen.storyboard */,
				666144D8233DF0FB003802A9 /* Info.plist */,
			);
			path = testApp;
			sourceTree = "<group>";
		};
		6E6E1E2F6377CEFAA9BF34F1 /* Pods */ = {
			isa = PBXGroup;
			children = (
				654C7A4E4906206DEA05F7A5 /* Pods-testApp.debug.xcconfig */,
				B3132C073D649608FC68196F /* Pods-testApp.release.xcconfig */,
			);
			path = Pods;
			sourceTree = "<group>";
		};
		DA86BFEAD49E7BDFBDD64BDA /* Frameworks */ = {
			isa = PBXGroup;
			children = (
				AA6E006330FE682F33C22314 /* Pods_testApp.framework */,
			);
			name = Frameworks;
			sourceTree = "<group>";
		};
/* End PBXGroup section */

/* Begin PBXNativeTarget section */
		666144C6233DF0F9003802A9 /* testApp */ = {
			isa = PBXNativeTarget;
			buildConfigurationList = 666144DB233DF0FB003802A9 /* Build configuration list for PBXNativeTarget "testApp" */;
			buildPhases = (
				960166EA857DB4FF3504BB44 /* [CP] Check Pods Manifest.lock */,
				666144C3233DF0F9003802A9 /* Sources */,
				666144C4233DF0F9003802A9 /* Frameworks */,
				666144C5233DF0F9003802A9 /* Resources */,
				DCEB3ECEDB0882C04BD6E2A8 /* [CP] Embed Pods Frameworks */,
			);
			buildRules = (
			);
			dependencies = (
			);
			name = testApp;
			productName = testApp;
			productReference = 666144C7233DF0F9003802A9 /* testApp.app */;
			productType = "com.apple.product-type.application";
		};
/* End PBXNativeTarget section */

/* Begin PBXProject section */
		666144BF233DF0F9003802A9 /* Project object */ = {
			isa = PBXProject;
			attributes = {
				LastSwiftUpdateCheck = 1100;
				LastUpgradeCheck = 1100;
				ORGANIZATIONNAME = litech;
				TargetAttributes = {
					666144C6233DF0F9003802A9 = {
						CreatedOnToolsVersion = 11.0;
					};
				};
			};
			buildConfigurationList = 666144C2233DF0F9003802A9 /* Build configuration list for PBXProject "testApp" */;
			compatibilityVersion = "Xcode 9.3";
			developmentRegion = en;
			hasScannedForEncodings = 0;
			knownRegions = (
				en,
				Base,
			);
			mainGroup = 666144BE233DF0F9003802A9;
			productRefGroup = 666144C8233DF0F9003802A9 /* Products */;
			projectDirPath = "";
			projectRoot = "";
			targets = (
				666144C6233DF0F9003802A9 /* testApp */,
			);
		};
/* End PBXProject section */

/* Begin PBXResourcesBuildPhase section */
		666144C5233DF0F9003802A9 /* Resources */ = {
			isa = PBXResourcesBuildPhase;
			buildActionMask = 2147483647;
			files = (
				666144D7233DF0FB003802A9 /* LaunchScreen.storyboard in Resources */,
				666144DF233DF13C003802A9 /* GoogleService-Info.plist in Resources */,
				666144D4233DF0FB003802A9 /* Assets.xcassets in Resources */,
				666144D2233DF0F9003802A9 /* Main.storyboard in Resources */,
			);
			runOnlyForDeploymentPostprocessing = 0;
		};
/* End PBXResourcesBuildPhase section */

/* Begin PBXShellScriptBuildPhase section */
		960166EA857DB4FF3504BB44 /* [CP] Check Pods Manifest.lock */ = {
			isa = PBXShellScriptBuildPhase;
			buildActionMask = 2147483647;
			files = (
			);
			inputFileListPaths = (
			);
			inputPaths = (
				"${PODS_PODFILE_DIR_PATH}/Podfile.lock",
				"${PODS_ROOT}/Manifest.lock",
			);
			name = "[CP] Check Pods Manifest.lock";
			outputFileListPaths = (
			);
			outputPaths = (
				"$(DERIVED_FILE_DIR)/Pods-testApp-checkManifestLockResult.txt",
			);
			runOnlyForDeploymentPostprocessing = 0;
			shellPath = /bin/sh;
			shellScript = "diff \"${PODS_PODFILE_DIR_PATH}/Podfile.lock\" \"${PODS_ROOT}/Manifest.lock\" > /dev/null\nif [ $? != 0 ] ; then\n    # print error to STDERR\n    echo \"error: The sandbox is not in sync with the Podfile.lock. Run 'pod install' or update your CocoaPods installation.\" >&2\n    exit 1\nfi\n# This output is used by Xcode 'outputs' to avoid re-running this script phase.\necho \"SUCCESS\" > \"${SCRIPT_OUTPUT_FILE_0}\"\n";
			showEnvVarsInLog = 0;
		};
		DCEB3ECEDB0882C04BD6E2A8 /* [CP] Embed Pods Frameworks */ = {
			isa = PBXShellScriptBuildPhase;
			buildActionMask = 2147483647;
			files = (
			);
			inputFileListPaths = (
				"${PODS_ROOT}/Target Support Files/Pods-testApp/Pods-testApp-frameworks-${CONFIGURATION}-input-files.xcfilelist",
			);
			name = "[CP] Embed Pods Frameworks";
			outputFileListPaths = (
				"${PODS_ROOT}/Target Support Files/Pods-testApp/Pods-testApp-frameworks-${CONFIGURATION}-output-files.xcfilelist",
			);
			runOnlyForDeploymentPostprocessing = 0;
			shellPath = /bin/sh;
			shellScript = "\"${PODS_ROOT}/Target Support Files/Pods-testApp/Pods-testApp-frameworks.sh\"\n";
			showEnvVarsInLog = 0;
		};
/* End PBXShellScriptBuildPhase section */

/* Begin PBXSourcesBuildPhase section */
		666144C3233DF0F9003802A9 /* Sources */ = {
			isa = PBXSourcesBuildPhase;
			buildActionMask = 2147483647;
			files = (
				666144E12341A072003802A9 /* LoginViewController.swift in Sources */,
				666144CF233DF0F9003802A9 /* ViewController.swift in Sources */,
				666144CB233DF0F9003802A9 /* AppDelegate.swift in Sources */,
				666144CD233DF0F9003802A9 /* SceneDelegate.swift in Sources */,
			);
			runOnlyForDeploymentPostprocessing = 0;
		};
/* End PBXSourcesBuildPhase section */

/* Begin PBXVariantGroup section */
		666144D0233DF0F9003802A9 /* Main.storyboard */ = {
			isa = PBXVariantGroup;
			children = (
				666144D1233DF0F9003802A9 /* Base */,
			);
			name = Main.storyboard;
			sourceTree = "<group>";
		};
		666144D5233DF0FB003802A9 /* LaunchScreen.storyboard */ = {
			isa = PBXVariantGroup;
			children = (
				666144D6233DF0FB003802A9 /* Base */,
			);
			name = LaunchScreen.storyboard;
			sourceTree = "<group>";
		};
/* End PBXVariantGroup section */

/* Begin XCBuildConfiguration section */
		666144D9233DF0FB003802A9 /* Debug */ = {
			isa = XCBuildConfiguration;
			buildSettings = {
				ALWAYS_SEARCH_USER_PATHS = NO;
				CLANG_ANALYZER_NONNULL = YES;
				CLANG_ANALYZER_NUMBER_OBJECT_CONVERSION = YES_AGGRESSIVE;
				CLANG_CXX_LANGUAGE_STANDARD = "gnu++14";
				CLANG_CXX_LIBRARY = "libc++";
				CLANG_ENABLE_MODULES = YES;
				CLANG_ENABLE_OBJC_ARC = YES;
				CLANG_ENABLE_OBJC_WEAK = YES;
				CLANG_WARN_BLOCK_CAPTURE_AUTORELEASING = YES;
				CLANG_WARN_BOOL_CONVERSION = YES;
				CLANG_WARN_COMMA = YES;
				CLANG_WARN_CONSTANT_CONVERSION = YES;
				CLANG_WARN_DEPRECATED_OBJC_IMPLEMENTATIONS = YES;
				CLANG_WARN_DIRECT_OBJC_ISA_USAGE = YES_ERROR;
				CLANG_WARN_DOCUMENTATION_COMMENTS = YES;
				CLANG_WARN_EMPTY_BODY = YES;
				CLANG_WARN_ENUM_CONVERSION = YES;
				CLANG_WARN_INFINITE_RECURSION = YES;
				CLANG_WARN_INT_CONVERSION = YES;
				CLANG_WARN_NON_LITERAL_NULL_CONVERSION = YES;
				CLANG_WARN_OBJC_IMPLICIT_RETAIN_SELF = YES;
				CLANG_WARN_OBJC_LITERAL_CONVERSION = YES;
				CLANG_WARN_OBJC_ROOT_CLASS = YES_ERROR;
				CLANG_WARN_RANGE_LOOP_ANALYSIS = YES;
				CLANG_WARN_STRICT_PROTOTYPES = YES;
				CLANG_WARN_SUSPICIOUS_MOVE = YES;
				CLANG_WARN_UNGUARDED_AVAILABILITY = YES_AGGRESSIVE;
				CLANG_WARN_UNREACHABLE_CODE = YES;
				CLANG_WARN__DUPLICATE_METHOD_MATCH = YES;
				COPY_PHASE_STRIP = NO;
				DEBUG_INFORMATION_FORMAT = dwarf;
				ENABLE_STRICT_OBJC_MSGSEND = YES;
				ENABLE_TESTABILITY = YES;
				GCC_C_LANGUAGE_STANDARD = gnu11;
				GCC_DYNAMIC_NO_PIC = NO;
				GCC_NO_COMMON_BLOCKS = YES;
				GCC_OPTIMIZATION_LEVEL = 0;
				GCC_PREPROCESSOR_DEFINITIONS = (
					"DEBUG=1",
					"$(inherited)",
				);
				GCC_WARN_64_TO_32_BIT_CONVERSION = YES;
				GCC_WARN_ABOUT_RETURN_TYPE = YES_ERROR;
				GCC_WARN_UNDECLARED_SELECTOR = YES;
				GCC_WARN_UNINITIALIZED_AUTOS = YES_AGGRESSIVE;
				GCC_WARN_UNUSED_FUNCTION = YES;
				GCC_WARN_UNUSED_VARIABLE = YES;
				IPHONEOS_DEPLOYMENT_TARGET = 13.0;
				MTL_ENABLE_DEBUG_INFO = INCLUDE_SOURCE;
				MTL_FAST_MATH = YES;
				ONLY_ACTIVE_ARCH = YES;
				SDKROOT = iphoneos;
				SWIFT_ACTIVE_COMPILATION_CONDITIONS = DEBUG;
				SWIFT_OPTIMIZATION_LEVEL = "-Onone";
			};
			name = Debug;
		};
		666144DA233DF0FB003802A9 /* Release */ = {
			isa = XCBuildConfiguration;
			buildSettings = {
				ALWAYS_SEARCH_USER_PATHS = NO;
				CLANG_ANALYZER_NONNULL = YES;
				CLANG_ANALYZER_NUMBER_OBJECT_CONVERSION = YES_AGGRESSIVE;
				CLANG_CXX_LANGUAGE_STANDARD = "gnu++14";
				CLANG_CXX_LIBRARY = "libc++";
				CLANG_ENABLE_MODULES = YES;
				CLANG_ENABLE_OBJC_ARC = YES;
				CLANG_ENABLE_OBJC_WEAK = YES;
				CLANG_WARN_BLOCK_CAPTURE_AUTORELEASING = YES;
				CLANG_WARN_BOOL_CONVERSION = YES;
				CLANG_WARN_COMMA = YES;
				CLANG_WARN_CONSTANT_CONVERSION = YES;
				CLANG_WARN_DEPRECATED_OBJC_IMPLEMENTATIONS = YES;
				CLANG_WARN_DIRECT_OBJC_ISA_USAGE = YES_ERROR;
				CLANG_WARN_DOCUMENTATION_COMMENTS = YES;
				CLANG_WARN_EMPTY_BODY = YES;
				CLANG_WARN_ENUM_CONVERSION = YES;
				CLANG_WARN_INFINITE_RECURSION = YES;
				CLANG_WARN_INT_CONVERSION = YES;
				CLANG_WARN_NON_LITERAL_NULL_CONVERSION = YES;
				CLANG_WARN_OBJC_IMPLICIT_RETAIN_SELF = YES;
				CLANG_WARN_OBJC_LITERAL_CONVERSION = YES;
				CLANG_WARN_OBJC_ROOT_CLASS = YES_ERROR;
				CLANG_WARN_RANGE_LOOP_ANALYSIS = YES;
				CLANG_WARN_STRICT_PROTOTYPES = YES;
				CLANG_WARN_SUSPICIOUS_MOVE = YES;
				CLANG_WARN_UNGUARDED_AVAILABILITY = YES_AGGRESSIVE;
				CLANG_WARN_UNREACHABLE_CODE = YES;
				CLANG_WARN__DUPLICATE_METHOD_MATCH = YES;
				COPY_PHASE_STRIP = NO;
				DEBUG_INFORMATION_FORMAT = "dwarf-with-dsym";
				ENABLE_NS_ASSERTIONS = NO;
				ENABLE_STRICT_OBJC_MSGSEND = YES;
				GCC_C_LANGUAGE_STANDARD = gnu11;
				GCC_NO_COMMON_BLOCKS = YES;
				GCC_WARN_64_TO_32_BIT_CONVERSION = YES;
				GCC_WARN_ABOUT_RETURN_TYPE = YES_ERROR;
				GCC_WARN_UNDECLARED_SELECTOR = YES;
				GCC_WARN_UNINITIALIZED_AUTOS = YES_AGGRESSIVE;
				GCC_WARN_UNUSED_FUNCTION = YES;
				GCC_WARN_UNUSED_VARIABLE = YES;
				IPHONEOS_DEPLOYMENT_TARGET = 13.0;
				MTL_ENABLE_DEBUG_INFO = NO;
				MTL_FAST_MATH = YES;
				SDKROOT = iphoneos;
				SWIFT_COMPILATION_MODE = wholemodule;
				SWIFT_OPTIMIZATION_LEVEL = "-O";
				VALIDATE_PRODUCT = YES;
			};
			name = Release;
		};
		666144DC233DF0FB003802A9 /* Debug */ = {
			isa = XCBuildConfiguration;
			baseConfigurationReference = 654C7A4E4906206DEA05F7A5 /* Pods-testApp.debug.xcconfig */;
			buildSettings = {
				ASSETCATALOG_COMPILER_APPICON_NAME = AppIcon;
				CODE_SIGN_STYLE = Automatic;
				INFOPLIST_FILE = testApp/Info.plist;
				LD_RUNPATH_SEARCH_PATHS = (
					"$(inherited)",
					"@executable_path/Frameworks",
				);
				PRODUCT_BUNDLE_IDENTIFIER = com.litech.testApp;
				PRODUCT_NAME = "$(TARGET_NAME)";
				SWIFT_VERSION = 5.0;
				TARGETED_DEVICE_FAMILY = "1,2";
			};
			name = Debug;
		};
		666144DD233DF0FB003802A9 /* Release */ = {
			isa = XCBuildConfiguration;
			baseConfigurationReference = B3132C073D649608FC68196F /* Pods-testApp.release.xcconfig */;
			buildSettings = {
				ASSETCATALOG_COMPILER_APPICON_NAME = AppIcon;
				CODE_SIGN_STYLE = Automatic;
				INFOPLIST_FILE = testApp/Info.plist;
				LD_RUNPATH_SEARCH_PATHS = (
					"$(inherited)",
					"@executable_path/Frameworks",
				);
				PRODUCT_BUNDLE_IDENTIFIER = com.litech.testApp;
				PRODUCT_NAME = "$(TARGET_NAME)";
				SWIFT_VERSION = 5.0;
				TARGETED_DEVICE_FAMILY = "1,2";
			};
			name = Release;
		};
/* End XCBuildConfiguration section */

/* Begin XCConfigurationList section */
		666144C2233DF0F9003802A9 /* Build configuration list for PBXProject "testApp" */ = {
			isa = XCConfigurationList;
			buildConfigurations = (
				666144D9233DF0FB003802A9 /* Debug */,
				666144DA233DF0FB003802A9 /* Release */,
			);
			defaultConfigurationIsVisible = 0;
			defaultConfigurationName = Release;
		};
		666144DB233DF0FB003802A9 /* Build configuration list for PBXNativeTarget "testApp" */ = {
			isa = XCConfigurationList;
			buildConfigurations = (
				666144DC233DF0FB003802A9 /* Debug */,
				666144DD233DF0FB003802A9 /* Release */,
			);
			defaultConfigurationIsVisible = 0;
			defaultConfigurationName = Release;
		};
/* End XCConfigurationList section */
	};
	rootObject = 666144BF233DF0F9003802A9 /* Project object */;
}
